// !$*UTF8*$!
{
	archiveVersion = 1;
	classes = {
	};
	objectVersion = 46;
	objects = {

/* Begin PBXBuildFile section */
		DFDDB6501E205228007B4178 /* AppDelegate.swift in Sources */ = {isa = PBXBuildFile; fileRef = DFDDB64F1E205228007B4178 /* AppDelegate.swift */; };
		DFDDB6521E205228007B4178 /* ViewController.swift in Sources */ = {isa = PBXBuildFile; fileRef = DFDDB6511E205228007B4178 /* ViewController.swift */; };
		DFDDB6551E205228007B4178 /* Main.storyboard in Resources */ = {isa = PBXBuildFile; fileRef = DFDDB6531E205228007B4178 /* Main.storyboard */; };
		DFDDB6571E205228007B4178 /* Assets.xcassets in Resources */ = {isa = PBXBuildFile; fileRef = DFDDB6561E205228007B4178 /* Assets.xcassets */; };
		DFDDB65A1E205228007B4178 /* LaunchScreen.storyboard in Resources */ = {isa = PBXBuildFile; fileRef = DFDDB6581E205228007B4178 /* LaunchScreen.storyboard */; };
/* End PBXBuildFile section */

/* Begin PBXFileReference section */
		DFDDB64C1E205228007B4178 /* Top Flicks.app */ = {isa = PBXFileReference; explicitFileType = wrapper.application; includeInIndex = 0; path = "Top Flicks.app"; sourceTree = BUILT_PRODUCTS_DIR; };
		DFDDB64F1E205228007B4178 /* AppDelegate.swift */ = {isa = PBXFileReference; lastKnownFileType = sourcecode.swift; path = AppDelegate.swift; sourceTree = "<group>"; };
		DFDDB6511E205228007B4178 /* ViewController.swift */ = {isa = PBXFileReference; lastKnownFileType = sourcecode.swift; path = ViewController.swift; sourceTree = "<group>"; };
		DFDDB6541E205228007B4178 /* Base */ = {isa = PBXFileReference; lastKnownFileType = file.storyboard; name = Base; path = Base.lproj/Main.storyboard; sourceTree = "<group>"; };
		DFDDB6561E205228007B4178 /* Assets.xcassets */ = {isa = PBXFileReference; lastKnownFileType = folder.assetcatalog; path = Assets.xcassets; sourceTree = "<group>"; };
		DFDDB6591E205228007B4178 /* Base */ = {isa = PBXFileReference; lastKnownFileType = file.storyboard; name = Base; path = Base.lproj/LaunchScreen.storyboard; sourceTree = "<group>"; };
		DFDDB65B1E205228007B4178 /* Info.plist */ = {isa = PBXFileReference; lastKnownFileType = text.plist.xml; path = Info.plist; sourceTree = "<group>"; };
/* End PBXFileReference section */

/* Begin PBXFrameworksBuildPhase section */
		DFDDB6491E205228007B4178 /* Frameworks */ = {
			isa = PBXFrameworksBuildPhase;
			buildActionMask = 2147483647;
			files = (
			);
			runOnlyForDeploymentPostprocessing = 0;
		};
/* End PBXFrameworksBuildPhase section */

/* Begin PBXGroup section */
		DFDDB6431E205228007B4178 = {
			isa = PBXGroup;
			children = (
				DFDDB64E1E205228007B4178 /* Top Flicks */,
				DFDDB64D1E205228007B4178 /* Products */,
			);
			sourceTree = "<group>";
		};
		DFDDB64D1E205228007B4178 /* Products */ = {
			isa = PBXGroup;
			children = (
				DFDDB64C1E205228007B4178 /* Top Flicks.app */,
			);
			name = Products;
			sourceTree = "<group>";
		};
		DFDDB64E1E205228007B4178 /* Top Flicks */ = {
			isa = PBXGroup;
			children = (
				DFDDB64F1E205228007B4178 /* AppDelegate.swift */,
				DFDDB6511E205228007B4178 /* ViewController.swift */,
				DFDDB6531E205228007B4178 /* Main.storyboard */,
				DFDDB6561E205228007B4178 /* Assets.xcassets */,
				DFDDB6581E205228007B4178 /* LaunchScreen.storyboard */,
				DFDDB65B1E205228007B4178 /* Info.plist */,
			);
			path = "Top Flicks";
			sourceTree = "<group>";
		};
/* End PBXGroup section */

/* Begin PBXNativeTarget section */
		DFDDB64B1E205228007B4178 /* Top Flicks */ = {
			isa = PBXNativeTarget;
			buildConfigurationList = DFDDB65E1E205228007B4178 /* Build configuration list for PBXNativeTarget "Top Flicks" */;
			buildPhases = (
				DFDDB6481E205228007B4178 /* Sources */,
				DFDDB6491E205228007B4178 /* Frameworks */,
				DFDDB64A1E205228007B4178 /* Resources */,
			);
			buildRules = (
			);
			dependencies = (
			);
			name = "Top Flicks";
			productName = "Top Flicks";
			productReference = DFDDB64C1E205228007B4178 /* Top Flicks.app */;
			productType = "com.apple.product-type.application";
		};
/* End PBXNativeTarget section */

/* Begin PBXProject section */
		DFDDB6441E205228007B4178 /* Project object */ = {
			isa = PBXProject;
			attributes = {
				LastSwiftUpdateCheck = 0820;
				LastUpgradeCheck = 0820;
				ORGANIZATIONNAME = "Rahul Sabnis";
				TargetAttributes = {
					DFDDB64B1E205228007B4178 = {
						CreatedOnToolsVersion = 8.2.1;
						DevelopmentTeam = 8BC5SRTE39;
						ProvisioningStyle = Automatic;
					};
				};
			};
			buildConfigurationList = DFDDB6471E205228007B4178 /* Build configuration list for PBXProject "Top Flicks" */;
			compatibilityVersion = "Xcode 3.2";
			developmentRegion = English;
			hasScannedForEncodings = 0;
			knownRegions = (
				en,
				Base,
			);
			mainGroup = DFDDB6431E205228007B4178;
			productRefGroup = DFDDB64D1E205228007B4178 /* Products */;
			projectDirPath = "";
			projectRoot = "";
			targets = (
				DFDDB64B1E205228007B4178 /* Top Flicks */,
			);
		};
/* End PBXProject section */

/* Begin PBXResourcesBuildPhase section */
		DFDDB64A1E205228007B4178 /* Resources */ = {
			isa = PBXResourcesBuildPhase;
			buildActionMask = 2147483647;
			files = (
				DFDDB65A1E205228007B4178 /* LaunchScreen.storyboard in Resources */,
				DFDDB6571E205228007B4178 /* Assets.xcassets in Resources */,
				DFDDB6551E205228007B4178 /* Main.storyboard in Resources */,
			);
			runOnlyForDeploymentPostprocessing = 0;
		};
/* End PBXResourcesBuildPhase section */

/* Begin PBXSourcesBuildPhase section */
		DFDDB6481E205228007B4178 /* Sources */ = {
			isa = PBXSourcesBuildPhase;
			buildActionMask = 2147483647;
			files = (
				DFDDB6521E205228007B4178 /* ViewController.swift in Sources */,
				DFDDB6501E205228007B4178 /* AppDelegate.swift in Sources */,
			);
			runOnlyForDeploymentPostprocessing = 0;
		};
/* End PBXSourcesBuildPhase section */

/* Begin PBXVariantGroup section */
		DFDDB6531E205228007B4178 /* Main.storyboard */ = {
			isa = PBXVariantGroup;
			children = (
				DFDDB6541E205228007B4178 /* Base */,
			);
			name = Main.storyboard;
			sourceTree = "<group>";
		};
		DFDDB6581E205228007B4178 /* LaunchScreen.storyboard */ = {
			isa = PBXVariantGroup;
			children = (
				DFDDB6591E205228007B4178 /* Base */,
			);
			name = LaunchScreen.storyboard;
			sourceTree = "<group>";
		};
/* End PBXVariantGroup section */

/* Begin XCBuildConfiguration section */
		DFDDB65C1E205228007B4178 /* Debug */ = {
			isa = XCBuildConfiguration;
			buildSettings = {
				ALWAYS_SEARCH_USER_PATHS = NO;
				CLANG_ANALYZER_NONNULL = YES;
				CLANG_CXX_LANGUAGE_STANDARD = "gnu++0x";
				CLANG_CXX_LIBRARY = "libc++";
				CLANG_ENABLE_MODULES = YES;
				CLANG_ENABLE_OBJC_ARC = YES;
				CLANG_WARN_BOOL_CONVERSION = YES;
				CLANG_WARN_CONSTANT_CONVERSION = YES;
				CLANG_WARN_DIRECT_OBJC_ISA_USAGE = YES_ERROR;
				CLANG_WARN_DOCUMENTATION_COMMENTS = YES;
				CLANG_WARN_EMPTY_BODY = YES;
				CLANG_WARN_ENUM_CONVERSION = YES;
				CLANG_WARN_INFINITE_RECURSION = YES;
				CLANG_WARN_INT_CONVERSION = YES;
				CLANG_WARN_OBJC_ROOT_CLASS = YES_ERROR;
				CLANG_WARN_SUSPICIOUS_MOVE = YES;
				CLANG_WARN_UNREACHABLE_CODE = YES;
				CLANG_WARN__DUPLICATE_METHOD_MATCH = YES;
				"CODE_SIGN_IDENTITY[sdk=iphoneos*]" = "iPhone Developer";
				COPY_PHASE_STRIP = NO;
				DEBUG_INFORMATION_FORMAT = dwarf;
				ENABLE_STRICT_OBJC_MSGSEND = YES;
				ENABLE_TESTABILITY = YES;
				GCC_C_LANGUAGE_STANDARD = gnu99;
				GCC_DYNAMIC_NO_PIC = NO;
				GCC_NO_COMMON_BLOCKS = YES;
				GCC_OPTIMIZATION_LEVEL = 0;
				GCC_PREPROCESSOR_DEFINITIONS = (
					"DEBUG=1",
					"$(inherited)",
				);
				GCC_WARN_64_TO_32_BIT_CONVERSION = YES;
				GCC_WARN_ABOUT_RETURN_TYPE = YES_ERROR;
				GCC_WARN_UNDECLARED_SELECTOR = YES;
				GCC_WARN_UNINITIALIZED_AUTOS = YES_AGGRESSIVE;
				GCC_WARN_UNUSED_FUNCTION = YES;
				GCC_WARN_UNUSED_VARIABLE = YES;
				IPHONEOS_DEPLOYMENT_TARGET = 10.2;
				MTL_ENABLE_DEBUG_INFO = YES;
				ONLY_ACTIVE_ARCH = YES;
				SDKROOT = iphoneos;
				SWIFT_ACTIVE_COMPILATION_CONDITIONS = DEBUG;
				SWIFT_OPTIMIZATION_LEVEL = "-Onone";
			};
			name = Debug;
		};
		DFDDB65D1E205228007B4178 /* Release */ = {
			isa = XCBuildConfiguration;
			buildSettings = {
				ALWAYS_SEARCH_USER_PATHS = NO;
				CLANG_ANALYZER_NONNULL = YES;
				CLANG_CXX_LANGUAGE_STANDARD = "gnu++0x";
				CLANG_CXX_LIBRARY = "libc++";
				CLANG_ENABLE_MODULES = YES;
				CLANG_ENABLE_OBJC_ARC = YES;
				CLANG_WARN_BOOL_CONVERSION = YES;
				CLANG_WARN_CONSTANT_CONVERSION = YES;
				CLANG_WARN_DIRECT_OBJC_ISA_USAGE = YES_ERROR;
				CLANG_WARN_DOCUMENTATION_COMMENTS = YES;
				CLANG_WARN_EMPTY_BODY = YES;
				CLANG_WARN_ENUM_CONVERSION = YES;
				CLANG_WARN_INFINITE_RECURSION = YES;
				CLANG_WARN_INT_CONVERSION = YES;
				CLANG_WARN_OBJC_ROOT_CLASS = YES_ERROR;
				CLANG_WARN_SUSPICIOUS_MOVE = YES;
				CLANG_WARN_UNREACHABLE_CODE = YES;
				CLANG_WARN__DUPLICATE_METHOD_MATCH = YES;
				"CODE_SIGN_IDENTITY[sdk=iphoneos*]" = "iPhone Developer";
				COPY_PHASE_STRIP = NO;
				DEBUG_INFORMATION_FORMAT = "dwarf-with-dsym";
				ENABLE_NS_ASSERTIONS = NO;
				ENABLE_STRICT_OBJC_MSGSEND = YES;
				GCC_C_LANGUAGE_STANDARD = gnu99;
				GCC_NO_COMMON_BLOCKS = YES;
				GCC_WARN_64_TO_32_BIT_CONVERSION = YES;
				GCC_WARN_ABOUT_RETURN_TYPE = YES_ERROR;
				GCC_WARN_UNDECLARED_SELECTOR = YES;
				GCC_WARN_UNINITIALIZED_AUTOS = YES_AGGRESSIVE;
				GCC_WARN_UNUSED_FUNCTION = YES;
				GCC_WARN_UNUSED_VARIABLE = YES;
				IPHONEOS_DEPLOYMENT_TARGET = 10.2;
				MTL_ENABLE_DEBUG_INFO = NO;
				SDKROOT = iphoneos;
				SWIFT_OPTIMIZATION_LEVEL = "-Owholemodule";
				VALIDATE_PRODUCT = YES;
			};
			name = Release;
		};
		DFDDB65F1E205228007B4178 /* Debug */ = {
			isa = XCBuildConfiguration;
			buildSettings = {
				ASSETCATALOG_COMPILER_APPICON_NAME = AppIcon;
				DEVELOPMENT_TEAM = 8BC5SRTE39;
				INFOPLIST_FILE = "Top Flicks/Info.plist";
				LD_RUNPATH_SEARCH_PATHS = "$(inherited) @executable_path/Frameworks";
				PRODUCT_BUNDLE_IDENTIFIER = "com.rahulsabnis.Top-Flicks";
				PRODUCT_NAME = "$(TARGET_NAME)";
				SWIFT_VERSION = 3.0;
			};
			name = Debug;
		};
		DFDDB6601E205228007B4178 /* Release */ = {
			isa = XCBuildConfiguration;
			buildSettings = {
				ASSETCATALOG_COMPILER_APPICON_NAME = AppIcon;
				DEVELOPMENT_TEAM = 8BC5SRTE39;
				INFOPLIST_FILE = "Top Flicks/Info.plist";
				LD_RUNPATH_SEARCH_PATHS = "$(inherited) @executable_path/Frameworks";
				PRODUCT_BUNDLE_IDENTIFIER = "com.rahulsabnis.Top-Flicks";
				PRODUCT_NAME = "$(TARGET_NAME)";
				SWIFT_VERSION = 3.0;
			};
			name = Release;
		};
/* End XCBuildConfiguration section */

/* Begin XCConfigurationList section */
		DFDDB6471E205228007B4178 /* Build configuration list for PBXProject "Top Flicks" */ = {
			isa = XCConfigurationList;
			buildConfigurations = (
				DFDDB65C1E205228007B4178 /* Debug */,
				DFDDB65D1E205228007B4178 /* Release */,
			);
			defaultConfigurationIsVisible = 0;
			defaultConfigurationName = Release;
		};
		DFDDB65E1E205228007B4178 /* Build configuration list for PBXNativeTarget "Top Flicks" */ = {
			isa = XCConfigurationList;
			buildConfigurations = (
				DFDDB65F1E205228007B4178 /* Debug */,
				DFDDB6601E205228007B4178 /* Release */,
			);
			defaultConfigurationIsVisible = 0;
		};
/* End XCConfigurationList section */
	};
	rootObject = DFDDB6441E205228007B4178 /* Project object */;
}
