// !$*UTF8*$!
{
	archiveVersion = 1;
	classes = {
	};
	objectVersion = 46;
	objects = {

/* Begin PBXBuildFile section */
		DFDDB6501E205228007B4178 /* AppDelegate.swift in Sources */ = {isa = PBXBuildFile; fileRef = DFDDB64F1E205228007B4178 /* AppDelegate.swift */; };
		DFDDB6551E205228007B4178 /* Main.storyboard in Resources */ = {isa = PBXBuildFile; fileRef = DFDDB6531E205228007B4178 /* Main.storyboard */; };
		DFDDB6571E205228007B4178 /* Assets.xcassets in Resources */ = {isa = PBXBuildFile; fileRef = DFDDB6561E205228007B4178 /* Assets.xcassets */; };
		DFDDB65A1E205228007B4178 /* LaunchScreen.storyboard in Resources */ = {isa = PBXBuildFile; fileRef = DFDDB6581E205228007B4178 /* LaunchScreen.storyboard */; };
		DFDDB6641E20577D007B4178 /* FlicksViewController.swift in Sources */ = {isa = PBXBuildFile; fileRef = DFDDB6631E20577D007B4178 /* FlicksViewController.swift */; };
		DFDDB6671E20660C007B4178 /* FlickCell.swift in Sources */ = {isa = PBXBuildFile; fileRef = DFDDB6661E20660C007B4178 /* FlickCell.swift */; };
		EC3CD0B7817B82F771A7B762 /* Pods_Top_Flicks.framework in Frameworks */ = {isa = PBXBuildFile; fileRef = 6A73946D809233734316846B /* Pods_Top_Flicks.framework */; };
/* End PBXBuildFile section */

/* Begin PBXFileReference section */
		062A2BEE8B7B431040DD7017 /* Pods-Top Flicks.debug.xcconfig */ = {isa = PBXFileReference; includeInIndex = 1; lastKnownFileType = text.xcconfig; name = "Pods-Top Flicks.debug.xcconfig"; path = "Pods/Target Support Files/Pods-Top Flicks/Pods-Top Flicks.debug.xcconfig"; sourceTree = "<group>"; };
		6A73946D809233734316846B /* Pods_Top_Flicks.framework */ = {isa = PBXFileReference; explicitFileType = wrapper.framework; includeInIndex = 0; path = Pods_Top_Flicks.framework; sourceTree = BUILT_PRODUCTS_DIR; };
		8EA4F0AEDBA2D354236E4DB4 /* Pods-Top Flicks.release.xcconfig */ = {isa = PBXFileReference; includeInIndex = 1; lastKnownFileType = text.xcconfig; name = "Pods-Top Flicks.release.xcconfig"; path = "Pods/Target Support Files/Pods-Top Flicks/Pods-Top Flicks.release.xcconfig"; sourceTree = "<group>"; };
		DFDDB64C1E205228007B4178 /* Top Flicks.app */ = {isa = PBXFileReference; explicitFileType = wrapper.application; includeInIndex = 0; path = "Top Flicks.app"; sourceTree = BUILT_PRODUCTS_DIR; };
		DFDDB64F1E205228007B4178 /* AppDelegate.swift */ = {isa = PBXFileReference; lastKnownFileType = sourcecode.swift; path = AppDelegate.swift; sourceTree = "<group>"; };
		DFDDB6541E205228007B4178 /* Base */ = {isa = PBXFileReference; lastKnownFileType = file.storyboard; name = Base; path = Base.lproj/Main.storyboard; sourceTree = "<group>"; };
		DFDDB6561E205228007B4178 /* Assets.xcassets */ = {isa = PBXFileReference; lastKnownFileType = folder.assetcatalog; path = Assets.xcassets; sourceTree = "<group>"; };
		DFDDB6591E205228007B4178 /* Base */ = {isa = PBXFileReference; lastKnownFileType = file.storyboard; name = Base; path = Base.lproj/LaunchScreen.storyboard; sourceTree = "<group>"; };
		DFDDB65B1E205228007B4178 /* Info.plist */ = {isa = PBXFileReference; lastKnownFileType = text.plist.xml; path = Info.plist; sourceTree = "<group>"; };
		DFDDB6631E20577D007B4178 /* FlicksViewController.swift */ = {isa = PBXFileReference; fileEncoding = 4; lastKnownFileType = sourcecode.swift; path = FlicksViewController.swift; sourceTree = "<group>"; };
		DFDDB6661E20660C007B4178 /* FlickCell.swift */ = {isa = PBXFileReference; fileEncoding = 4; lastKnownFileType = sourcecode.swift; path = FlickCell.swift; sourceTree = "<group>"; };
/* End PBXFileReference section */

/* Begin PBXFrameworksBuildPhase section */
		DFDDB6491E205228007B4178 /* Frameworks */ = {
			isa = PBXFrameworksBuildPhase;
			buildActionMask = 2147483647;
			files = (
				EC3CD0B7817B82F771A7B762 /* Pods_Top_Flicks.framework in Frameworks */,
			);
			runOnlyForDeploymentPostprocessing = 0;
		};
/* End PBXFrameworksBuildPhase section */

/* Begin PBXGroup section */
		394E78B270846A14F4D2A0D6 /* Pods */ = {
			isa = PBXGroup;
			children = (
				062A2BEE8B7B431040DD7017 /* Pods-Top Flicks.debug.xcconfig */,
				8EA4F0AEDBA2D354236E4DB4 /* Pods-Top Flicks.release.xcconfig */,
			);
			name = Pods;
			sourceTree = "<group>";
		};
		D9FBA46260DD37E988A2DFD4 /* Frameworks */ = {
			isa = PBXGroup;
			children = (
				6A73946D809233734316846B /* Pods_Top_Flicks.framework */,
			);
			name = Frameworks;
			sourceTree = "<group>";
		};
		DFDDB6431E205228007B4178 = {
			isa = PBXGroup;
			children = (
				DFDDB64E1E205228007B4178 /* Top Flicks */,
				DFDDB64D1E205228007B4178 /* Products */,
				394E78B270846A14F4D2A0D6 /* Pods */,
				D9FBA46260DD37E988A2DFD4 /* Frameworks */,
			);
			sourceTree = "<group>";
		};
		DFDDB64D1E205228007B4178 /* Products */ = {
			isa = PBXGroup;
			children = (
				DFDDB64C1E205228007B4178 /* Top Flicks.app */,
			);
			name = Products;
			sourceTree = "<group>";
		};
		DFDDB64E1E205228007B4178 /* Top Flicks */ = {
			isa = PBXGroup;
			children = (
				DFDDB6681E206624007B4178 /* View Controllers */,
				DFDDB6651E2065AC007B4178 /* Views */,
				DFDDB64F1E205228007B4178 /* AppDelegate.swift */,
				DFDDB6531E205228007B4178 /* Main.storyboard */,
				DFDDB6561E205228007B4178 /* Assets.xcassets */,
				DFDDB6581E205228007B4178 /* LaunchScreen.storyboard */,
				DFDDB65B1E205228007B4178 /* Info.plist */,
			);
			path = "Top Flicks";
			sourceTree = "<group>";
		};
		DFDDB6651E2065AC007B4178 /* Views */ = {
			isa = PBXGroup;
			children = (
				DFDDB6661E20660C007B4178 /* FlickCell.swift */,
			);
			name = Views;
			sourceTree = "<group>";
		};
		DFDDB6681E206624007B4178 /* View Controllers */ = {
			isa = PBXGroup;
			children = (
				DFDDB6631E20577D007B4178 /* FlicksViewController.swift */,
			);
			name = "View Controllers";
			sourceTree = "<group>";
		};
/* End PBXGroup section */

/* Begin PBXNativeTarget section */
		DFDDB64B1E205228007B4178 /* Top Flicks */ = {
			isa = PBXNativeTarget;
			buildConfigurationList = DFDDB65E1E205228007B4178 /* Build configuration list for PBXNativeTarget "Top Flicks" */;
			buildPhases = (
				334AB702C9C31CFB2CDB317B /* [CP] Check Pods Manifest.lock */,
				DFDDB6481E205228007B4178 /* Sources */,
				DFDDB6491E205228007B4178 /* Frameworks */,
				DFDDB64A1E205228007B4178 /* Resources */,
				4E4D221919929B0F6FAEB53C /* [CP] Embed Pods Frameworks */,
				8D1D6915E778BAF0C9A8E5D4 /* [CP] Copy Pods Resources */,
			);
			buildRules = (
			);
			dependencies = (
			);
			name = "Top Flicks";
			productName = "Top Flicks";
			productReference = DFDDB64C1E205228007B4178 /* Top Flicks.app */;
			productType = "com.apple.product-type.application";
		};
/* End PBXNativeTarget section */

/* Begin PBXProject section */
		DFDDB6441E205228007B4178 /* Project object */ = {
			isa = PBXProject;
			attributes = {
				LastSwiftUpdateCheck = 0820;
				LastUpgradeCheck = 0820;
				ORGANIZATIONNAME = "Rahul Sabnis";
				TargetAttributes = {
					DFDDB64B1E205228007B4178 = {
						CreatedOnToolsVersion = 8.2.1;
						DevelopmentTeam = 8BC5SRTE39;
						ProvisioningStyle = Automatic;
					};
				};
			};
			buildConfigurationList = DFDDB6471E205228007B4178 /* Build configuration list for PBXProject "Top Flicks" */;
			compatibilityVersion = "Xcode 3.2";
			developmentRegion = English;
			hasScannedForEncodings = 0;
			knownRegions = (
				en,
				Base,
			);
			mainGroup = DFDDB6431E205228007B4178;
			productRefGroup = DFDDB64D1E205228007B4178 /* Products */;
			projectDirPath = "";
			projectRoot = "";
			targets = (
				DFDDB64B1E205228007B4178 /* Top Flicks */,
			);
		};
/* End PBXProject section */

/* Begin PBXResourcesBuildPhase section */
		DFDDB64A1E205228007B4178 /* Resources */ = {
			isa = PBXResourcesBuildPhase;
			buildActionMask = 2147483647;
			files = (
				DFDDB65A1E205228007B4178 /* LaunchScreen.storyboard in Resources */,
				DFDDB6571E205228007B4178 /* Assets.xcassets in Resources */,
				DFDDB6551E205228007B4178 /* Main.storyboard in Resources */,
			);
			runOnlyForDeploymentPostprocessing = 0;
		};
/* End PBXResourcesBuildPhase section */

/* Begin PBXShellScriptBuildPhase section */
		334AB702C9C31CFB2CDB317B /* [CP] Check Pods Manifest.lock */ = {
			isa = PBXShellScriptBuildPhase;
			buildActionMask = 2147483647;
			files = (
			);
			inputPaths = (
			);
			name = "[CP] Check Pods Manifest.lock";
			outputPaths = (
			);
			runOnlyForDeploymentPostprocessing = 0;
			shellPath = /bin/sh;
			shellScript = "diff \"${PODS_ROOT}/../Podfile.lock\" \"${PODS_ROOT}/Manifest.lock\" > /dev/null\nif [ $? != 0 ] ; then\n    # print error to STDERR\n    echo \"error: The sandbox is not in sync with the Podfile.lock. Run 'pod install' or update your CocoaPods installation.\" >&2\n    exit 1\nfi\n";
			showEnvVarsInLog = 0;
		};
		4E4D221919929B0F6FAEB53C /* [CP] Embed Pods Frameworks */ = {
			isa = PBXShellScriptBuildPhase;
			buildActionMask = 2147483647;
			files = (
			);
			inputPaths = (
			);
			name = "[CP] Embed Pods Frameworks";
			outputPaths = (
			);
			runOnlyForDeploymentPostprocessing = 0;
			shellPath = /bin/sh;
			shellScript = "\"${SRCROOT}/Pods/Target Support Files/Pods-Top Flicks/Pods-Top Flicks-frameworks.sh\"\n";
			showEnvVarsInLog = 0;
		};
		8D1D6915E778BAF0C9A8E5D4 /* [CP] Copy Pods Resources */ = {
			isa = PBXShellScriptBuildPhase;
			buildActionMask = 2147483647;
			files = (
			);
			inputPaths = (
			);
			name = "[CP] Copy Pods Resources";
			outputPaths = (
			);
			runOnlyForDeploymentPostprocessing = 0;
			shellPath = /bin/sh;
			shellScript = "\"${SRCROOT}/Pods/Target Support Files/Pods-Top Flicks/Pods-Top Flicks-resources.sh\"\n";
			showEnvVarsInLog = 0;
		};
/* End PBXShellScriptBuildPhase section */

/* Begin PBXSourcesBuildPhase section */
		DFDDB6481E205228007B4178 /* Sources */ = {
			isa = PBXSourcesBuildPhase;
			buildActionMask = 2147483647;
			files = (
				DFDDB6641E20577D007B4178 /* FlicksViewController.swift in Sources */,
				DFDDB6671E20660C007B4178 /* FlickCell.swift in Sources */,
				DFDDB6501E205228007B4178 /* AppDelegate.swift in Sources */,
			);
			runOnlyForDeploymentPostprocessing = 0;
		};
/* End PBXSourcesBuildPhase section */

/* Begin PBXVariantGroup section */
		DFDDB6531E205228007B4178 /* Main.storyboard */ = {
			isa = PBXVariantGroup;
			children = (
				DFDDB6541E205228007B4178 /* Base */,
			);
			name = Main.storyboard;
			sourceTree = "<group>";
		};
		DFDDB6581E205228007B4178 /* LaunchScreen.storyboard */ = {
			isa = PBXVariantGroup;
			children = (
				DFDDB6591E205228007B4178 /* Base */,
			);
			name = LaunchScreen.storyboard;
			sourceTree = "<group>";
		};
/* End PBXVariantGroup section */

/* Begin XCBuildConfiguration section */
		DFDDB65C1E205228007B4178 /* Debug */ = {
			isa = XCBuildConfiguration;
			buildSettings = {
				ALWAYS_SEARCH_USER_PATHS = NO;
				CLANG_ANALYZER_NONNULL = YES;
				CLANG_CXX_LANGUAGE_STANDARD = "gnu++0x";
				CLANG_CXX_LIBRARY = "libc++";
				CLANG_ENABLE_MODULES = YES;
				CLANG_ENABLE_OBJC_ARC = YES;
				CLANG_WARN_BOOL_CONVERSION = YES;
				CLANG_WARN_CONSTANT_CONVERSION = YES;
				CLANG_WARN_DIRECT_OBJC_ISA_USAGE = YES_ERROR;
				CLANG_WARN_DOCUMENTATION_COMMENTS = YES;
				CLANG_WARN_EMPTY_BODY = YES;
				CLANG_WARN_ENUM_CONVERSION = YES;
				CLANG_WARN_INFINITE_RECURSION = YES;
				CLANG_WARN_INT_CONVERSION = YES;
				CLANG_WARN_OBJC_ROOT_CLASS = YES_ERROR;
				CLANG_WARN_SUSPICIOUS_MOVE = YES;
				CLANG_WARN_UNREACHABLE_CODE = YES;
				CLANG_WARN__DUPLICATE_METHOD_MATCH = YES;
				"CODE_SIGN_IDENTITY[sdk=iphoneos*]" = "iPhone Developer";
				COPY_PHASE_STRIP = NO;
				DEBUG_INFORMATION_FORMAT = dwarf;
				ENABLE_STRICT_OBJC_MSGSEND = YES;
				ENABLE_TESTABILITY = YES;
				GCC_C_LANGUAGE_STANDARD = gnu99;
				GCC_DYNAMIC_NO_PIC = NO;
				GCC_NO_COMMON_BLOCKS = YES;
				GCC_OPTIMIZATION_LEVEL = 0;
				GCC_PREPROCESSOR_DEFINITIONS = (
					"DEBUG=1",
					"$(inherited)",
				);
				GCC_WARN_64_TO_32_BIT_CONVERSION = YES;
				GCC_WARN_ABOUT_RETURN_TYPE = YES_ERROR;
				GCC_WARN_UNDECLARED_SELECTOR = YES;
				GCC_WARN_UNINITIALIZED_AUTOS = YES_AGGRESSIVE;
				GCC_WARN_UNUSED_FUNCTION = YES;
				GCC_WARN_UNUSED_VARIABLE = YES;
				IPHONEOS_DEPLOYMENT_TARGET = 10.2;
				MTL_ENABLE_DEBUG_INFO = YES;
				ONLY_ACTIVE_ARCH = YES;
				SDKROOT = iphoneos;
				SWIFT_ACTIVE_COMPILATION_CONDITIONS = DEBUG;
				SWIFT_OPTIMIZATION_LEVEL = "-Onone";
			};
			name = Debug;
		};
		DFDDB65D1E205228007B4178 /* Release */ = {
			isa = XCBuildConfiguration;
			buildSettings = {
				ALWAYS_SEARCH_USER_PATHS = NO;
				CLANG_ANALYZER_NONNULL = YES;
				CLANG_CXX_LANGUAGE_STANDARD = "gnu++0x";
				CLANG_CXX_LIBRARY = "libc++";
				CLANG_ENABLE_MODULES = YES;
				CLANG_ENABLE_OBJC_ARC = YES;
				CLANG_WARN_BOOL_CONVERSION = YES;
				CLANG_WARN_CONSTANT_CONVERSION = YES;
				CLANG_WARN_DIRECT_OBJC_ISA_USAGE = YES_ERROR;
				CLANG_WARN_DOCUMENTATION_COMMENTS = YES;
				CLANG_WARN_EMPTY_BODY = YES;
				CLANG_WARN_ENUM_CONVERSION = YES;
				CLANG_WARN_INFINITE_RECURSION = YES;
				CLANG_WARN_INT_CONVERSION = YES;
				CLANG_WARN_OBJC_ROOT_CLASS = YES_ERROR;
				CLANG_WARN_SUSPICIOUS_MOVE = YES;
				CLANG_WARN_UNREACHABLE_CODE = YES;
				CLANG_WARN__DUPLICATE_METHOD_MATCH = YES;
				"CODE_SIGN_IDENTITY[sdk=iphoneos*]" = "iPhone Developer";
				COPY_PHASE_STRIP = NO;
				DEBUG_INFORMATION_FORMAT = "dwarf-with-dsym";
				ENABLE_NS_ASSERTIONS = NO;
				ENABLE_STRICT_OBJC_MSGSEND = YES;
				GCC_C_LANGUAGE_STANDARD = gnu99;
				GCC_NO_COMMON_BLOCKS = YES;
				GCC_WARN_64_TO_32_BIT_CONVERSION = YES;
				GCC_WARN_ABOUT_RETURN_TYPE = YES_ERROR;
				GCC_WARN_UNDECLARED_SELECTOR = YES;
				GCC_WARN_UNINITIALIZED_AUTOS = YES_AGGRESSIVE;
				GCC_WARN_UNUSED_FUNCTION = YES;
				GCC_WARN_UNUSED_VARIABLE = YES;
				IPHONEOS_DEPLOYMENT_TARGET = 10.2;
				MTL_ENABLE_DEBUG_INFO = NO;
				SDKROOT = iphoneos;
				SWIFT_OPTIMIZATION_LEVEL = "-Owholemodule";
				VALIDATE_PRODUCT = YES;
			};
			name = Release;
		};
		DFDDB65F1E205228007B4178 /* Debug */ = {
			isa = XCBuildConfiguration;
			baseConfigurationReference = 062A2BEE8B7B431040DD7017 /* Pods-Top Flicks.debug.xcconfig */;
			buildSettings = {
				ASSETCATALOG_COMPILER_APPICON_NAME = AppIcon;
				DEVELOPMENT_TEAM = 8BC5SRTE39;
				INFOPLIST_FILE = "Top Flicks/Info.plist";
				LD_RUNPATH_SEARCH_PATHS = "$(inherited) @executable_path/Frameworks";
				PRODUCT_BUNDLE_IDENTIFIER = "com.rahulsabnis.Top-Flicks";
				PRODUCT_NAME = "$(TARGET_NAME)";
				SWIFT_VERSION = 3.0;
			};
			name = Debug;
		};
		DFDDB6601E205228007B4178 /* Release */ = {
			isa = XCBuildConfiguration;
			baseConfigurationReference = 8EA4F0AEDBA2D354236E4DB4 /* Pods-Top Flicks.release.xcconfig */;
			buildSettings = {
				ASSETCATALOG_COMPILER_APPICON_NAME = AppIcon;
				DEVELOPMENT_TEAM = 8BC5SRTE39;
				INFOPLIST_FILE = "Top Flicks/Info.plist";
				LD_RUNPATH_SEARCH_PATHS = "$(inherited) @executable_path/Frameworks";
				PRODUCT_BUNDLE_IDENTIFIER = "com.rahulsabnis.Top-Flicks";
				PRODUCT_NAME = "$(TARGET_NAME)";
				SWIFT_VERSION = 3.0;
			};
			name = Release;
		};
/* End XCBuildConfiguration section */

/* Begin XCConfigurationList section */
		DFDDB6471E205228007B4178 /* Build configuration list for PBXProject "Top Flicks" */ = {
			isa = XCConfigurationList;
			buildConfigurations = (
				DFDDB65C1E205228007B4178 /* Debug */,
				DFDDB65D1E205228007B4178 /* Release */,
			);
			defaultConfigurationIsVisible = 0;
			defaultConfigurationName = Release;
		};
		DFDDB65E1E205228007B4178 /* Build configuration list for PBXNativeTarget "Top Flicks" */ = {
			isa = XCConfigurationList;
			buildConfigurations = (
				DFDDB65F1E205228007B4178 /* Debug */,
				DFDDB6601E205228007B4178 /* Release */,
			);
			defaultConfigurationIsVisible = 0;
			defaultConfigurationName = Release;
		};
/* End XCConfigurationList section */
	};
	rootObject = DFDDB6441E205228007B4178 /* Project object */;
}
